{
  "requires": true,
  "lockfileVersion": 1,
  "dependencies": {
    "monaco-editor": {
      "version": "0.22.0",
      "resolved": "https://registry.npmjs.org/monaco-editor/-/monaco-editor-0.22.0.tgz",
      "integrity": "sha512-hr0TB1ykyfvtSpr+5+r13910k1daWx7hrV+Bicc5gC4HDtr1K0lEcN9h5X+aFL96OiWx68dsRaaQbKGjTz1B+A=="
    }
  }
}
